
Microsoft Visual Studio Solution File, Format Version 12.00
# Visual Studio Version 16
VisualStudioVersion = 16.0.29911.84
MinimumVisualStudioVersion = 10.0.40219.1
Project("{FAE04EC0-301F-11D3-BF4B-00C04F79EFBC}") = "MilitaryDogsTrainingAPI", "MilitaryDogsTrainingAPI\MilitaryDogsTrainingAPI.csproj", "{C8AFC077-3CFF-4F0B-B6B0-ACDF9EB1CD2E}"
EndProject
Global
	GlobalSection(SolutionConfigurationPlatforms) = preSolution
		Debug|Any CPU = Debug|Any CPU
		Release|Any CPU = Release|Any CPU
	EndGlobalSection
	GlobalSection(ProjectConfigurationPlatforms) = postSolution
		{C8AFC077-3CFF-4F0B-B6B0-ACDF9EB1CD2E}.Debug|Any CPU.ActiveCfg = Debug|Any CPU
		{C8AFC077-3CFF-4F0B-B6B0-ACDF9EB1CD2E}.Debug|Any CPU.Build.0 = Debug|Any CPU
		{C8AFC077-3CFF-4F0B-B6B0-ACDF9EB1CD2E}.Release|Any CPU.ActiveCfg = Release|Any CPU
		{C8AFC077-3CFF-4F0B-B6B0-ACDF9EB1CD2E}.Release|Any CPU.Build.0 = Release|Any CPU
	EndGlobalSection
	GlobalSection(SolutionProperties) = preSolution
		HideSolutionNode = FALSE
	EndGlobalSection
	GlobalSection(ExtensibilityGlobals) = postSolution
		SolutionGuid = {A4759E32-3FF3-4473-8846-04C27AB86E5E}
	EndGlobalSection
EndGlobal
